
Microsoft Visual Studio Solution File, Format Version 12.00
# Visual Studio 2013
VisualStudioVersion = 12.0.40629.0
MinimumVisualStudioVersion = 10.0.40219.1
Project("{FAE04EC0-301F-11D3-BF4B-00C04F79EFBC}") = "Contract", "Contract\Contract.csproj", "{98F5DB5B-D08F-4D0D-ACA4-61C19E88F51D}"
EndProject
Project("{FAE04EC0-301F-11D3-BF4B-00C04F79EFBC}") = "Implementation.EF6", "Implementation.EF6\Implementation.EF6.csproj", "{00CA1117-A873-47E5-84EB-CC7A9A79F22A}"
EndProject
Project("{FAE04EC0-301F-11D3-BF4B-00C04F79EFBC}") = "DemoApp", "DemoApp\DemoApp.csproj", "{792F99E0-5A19-4FC3-A280-542B811469F3}"
EndProject
Project("{2150E333-8FDC-42A3-9474-1A3956D46DE8}") = "Framework", "Framework", "{157EE77A-3D5A-4463-B129-8383FE20F626}"
EndProject
Project("{2150E333-8FDC-42A3-9474-1A3956D46DE8}") = "DemoApplication", "DemoApplication", "{74F38C67-B3AF-45E5-9A2E-AD1F0E8739AC}"
EndProject
Global
	GlobalSection(SolutionConfigurationPlatforms) = preSolution
		Debug|Any CPU = Debug|Any CPU
		Release|Any CPU = Release|Any CPU
	EndGlobalSection
	GlobalSection(ProjectConfigurationPlatforms) = postSolution
		{98F5DB5B-D08F-4D0D-ACA4-61C19E88F51D}.Debug|Any CPU.ActiveCfg = Debug|Any CPU
		{98F5DB5B-D08F-4D0D-ACA4-61C19E88F51D}.Debug|Any CPU.Build.0 = Debug|Any CPU
		{98F5DB5B-D08F-4D0D-ACA4-61C19E88F51D}.Release|Any CPU.ActiveCfg = Release|Any CPU
		{98F5DB5B-D08F-4D0D-ACA4-61C19E88F51D}.Release|Any CPU.Build.0 = Release|Any CPU
		{00CA1117-A873-47E5-84EB-CC7A9A79F22A}.Debug|Any CPU.ActiveCfg = Debug|Any CPU
		{00CA1117-A873-47E5-84EB-CC7A9A79F22A}.Debug|Any CPU.Build.0 = Debug|Any CPU
		{00CA1117-A873-47E5-84EB-CC7A9A79F22A}.Release|Any CPU.ActiveCfg = Release|Any CPU
		{00CA1117-A873-47E5-84EB-CC7A9A79F22A}.Release|Any CPU.Build.0 = Release|Any CPU
		{792F99E0-5A19-4FC3-A280-542B811469F3}.Debug|Any CPU.ActiveCfg = Debug|Any CPU
		{792F99E0-5A19-4FC3-A280-542B811469F3}.Debug|Any CPU.Build.0 = Debug|Any CPU
		{792F99E0-5A19-4FC3-A280-542B811469F3}.Release|Any CPU.ActiveCfg = Release|Any CPU
		{792F99E0-5A19-4FC3-A280-542B811469F3}.Release|Any CPU.Build.0 = Release|Any CPU
	EndGlobalSection
	GlobalSection(SolutionProperties) = preSolution
		HideSolutionNode = FALSE
	EndGlobalSection
	GlobalSection(NestedProjects) = preSolution
		{98F5DB5B-D08F-4D0D-ACA4-61C19E88F51D} = {157EE77A-3D5A-4463-B129-8383FE20F626}
		{00CA1117-A873-47E5-84EB-CC7A9A79F22A} = {157EE77A-3D5A-4463-B129-8383FE20F626}
		{792F99E0-5A19-4FC3-A280-542B811469F3} = {74F38C67-B3AF-45E5-9A2E-AD1F0E8739AC}
	EndGlobalSection
EndGlobal
